Microsoft Visual Studio Solution File, Format Version 11.00
# Visual Studio 2008

Project("{D2941826-2A56-40A1-AF8C-83F76A16D274}") = "zombietoys", "Assembly-CSharp-vs.csproj", "{1AE8076B-71F8-22CC-D097-1A5DB92CAD6A}"
EndProject
Project("{D2941826-2A56-40A1-AF8C-83F76A16D274}") = "zombietoys", "Assembly-CSharp-Editor-vs.csproj", "{78CD4263-2B68-8CA1-A73B-D5553EE0B5F0}"
EndProject
Global
	GlobalSection(SolutionConfigurationPlatforms) = preSolution
		Debug|Any CPU = Debug|Any CPU
		Release|Any CPU = Release|Any CPU
	EndGlobalSection
	GlobalSection(ProjectConfigurationPlatforms) = postSolution
		{1AE8076B-71F8-22CC-D097-1A5DB92CAD6A}.Debug|Any CPU.ActiveCfg = Debug|Any CPU
		{1AE8076B-71F8-22CC-D097-1A5DB92CAD6A}.Debug|Any CPU.Build.0 = Debug|Any CPU
		{1AE8076B-71F8-22CC-D097-1A5DB92CAD6A}.Release|Any CPU.ActiveCfg = Release|Any CPU
		{1AE8076B-71F8-22CC-D097-1A5DB92CAD6A}.Release|Any CPU.Build.0 = Release|Any CPU
		{78CD4263-2B68-8CA1-A73B-D5553EE0B5F0}.Debug|Any CPU.ActiveCfg = Debug|Any CPU
		{78CD4263-2B68-8CA1-A73B-D5553EE0B5F0}.Debug|Any CPU.Build.0 = Debug|Any CPU
		{78CD4263-2B68-8CA1-A73B-D5553EE0B5F0}.Release|Any CPU.ActiveCfg = Release|Any CPU
		{78CD4263-2B68-8CA1-A73B-D5553EE0B5F0}.Release|Any CPU.Build.0 = Release|Any CPU
	EndGlobalSection
	GlobalSection(SolutionProperties) = preSolution
		HideSolutionNode = FALSE
	EndGlobalSection
			GlobalSection(MonoDevelopProperties) = preSolution
		StartupItem = Assembly-CSharp.csproj
		Policies = $0
		$0.TextStylePolicy = $1
		$1.inheritsSet = null
		$1.scope = text/x-csharp
		$0.CSharpFormattingPolicy = $2
		$2.inheritsSet = Mono
		$2.inheritsScope = text/x-csharp
		$2.scope = text/x-csharp
		$0.TextStylePolicy = $3
		$3.FileWidth = 120
		$3.TabWidth = 4
		$3.IndentWidth = 4
		$3.EolMarker = Unix
		$3.inheritsSet = Mono
		$3.inheritsScope = text/plain
		$3.scope = text/plain
	EndGlobalSection

EndGlobal
